
Microsoft Visual Studio Solution File, Format Version 12.00
# Visual Studio Version 16
VisualStudioVersion = 25.0.1706.14
MinimumVisualStudioVersion = 10.0.40219.1
Project("{FAE04EC0-301F-11D3-BF4B-00C04F79EFBC}") = "OrderManagement", "OrderManagement\OrderManagement.csproj", "{58E2D9C1-4287-4FFB-B995-3B4B2C991187}"
EndProject
Global
	GlobalSection(SolutionConfigurationPlatforms) = preSolution
		Debug|Any CPU = Debug|Any CPU
		Release|Any CPU = Release|Any CPU
	EndGlobalSection
	GlobalSection(ProjectConfigurationPlatforms) = postSolution
		{58E2D9C1-4287-4FFB-B995-3B4B2C991187}.Debug|Any CPU.ActiveCfg = Debug|Any CPU
		{58E2D9C1-4287-4FFB-B995-3B4B2C991187}.Debug|Any CPU.Build.0 = Debug|Any CPU
		{58E2D9C1-4287-4FFB-B995-3B4B2C991187}.Release|Any CPU.ActiveCfg = Release|Any CPU
		{58E2D9C1-4287-4FFB-B995-3B4B2C991187}.Release|Any CPU.Build.0 = Release|Any CPU
	EndGlobalSection
	GlobalSection(SolutionProperties) = preSolution
		HideSolutionNode = FALSE
	EndGlobalSection
	GlobalSection(ExtensibilityGlobals) = postSolution
		SolutionGuid = {CA6E0B7C-0D67-4C78-B04B-3520909D07BD}
	EndGlobalSection
EndGlobal
